
Microsoft Visual Studio Solution File, Format Version 12.00
# Visual Studio Version 17
VisualStudioVersion = 17.5.002.0
MinimumVisualStudioVersion = 10.0.40219.1
Project("{2150E333-8FDC-42A3-9474-1A3956D46DE8}") = "prepare", "prepare", "{F3261684-74B9-4EA5-A231-0EC1018EA9EE}"
EndProject
Project("{9A19103F-16F7-4668-BE54-9A1E7A4F7556}") = "Learning02", "prepare\Learning02\Learning02.csproj", "{5B92AC35-2303-4083-9078-9FAECBFF6753}"
EndProject
Project("{9A19103F-16F7-4668-BE54-9A1E7A4F7556}") = "Learning05", "prepare\Learning05\Learning05.csproj", "{7D604C27-491A-4807-ACC5-3982B2DF17A0}"
EndProject
Project("{9A19103F-16F7-4668-BE54-9A1E7A4F7556}") = "Learning04", "prepare\Learning04\Learning04.csproj", "{97E04D95-FC11-4006-986C-A48660D1B971}"
EndProject
Project("{9A19103F-16F7-4668-BE54-9A1E7A4F7556}") = "Learning03", "prepare\Learning03\Learning03.csproj", "{4D675C3E-6962-4012-B146-99B886EDA02B}"
EndProject
Project("{2150E333-8FDC-42A3-9474-1A3956D46DE8}") = "prove", "prove", "{A48AC2D1-C672-4299-9ADE-44003602F45A}"
EndProject
Project("{9A19103F-16F7-4668-BE54-9A1E7A4F7556}") = "Develop03", "prove\Develop03\Develop03.csproj", "{837DBC9C-605D-49FB-ABFB-77C26A07C27D}"
EndProject
Project("{9A19103F-16F7-4668-BE54-9A1E7A4F7556}") = "Develop04", "prove\Develop04\Develop04.csproj", "{C474BF7B-76B8-4721-AD3E-84C585CEF355}"
EndProject
Project("{9A19103F-16F7-4668-BE54-9A1E7A4F7556}") = "Develop05", "prove\Develop05\Develop05.csproj", "{27C165E7-1DFA-47D8-AB91-2C8B91FF5E78}"
EndProject
Project("{9A19103F-16F7-4668-BE54-9A1E7A4F7556}") = "Develop02", "prove\Develop02\Develop02.csproj", "{A8F7C000-5ED7-4C3E-A30E-C7A192EC4DEF}"
EndProject
Project("{2150E333-8FDC-42A3-9474-1A3956D46DE8}") = "sandbox", "sandbox", "{A0CDAD00-4729-4502-BE65-47F123F793D1}"
EndProject
Project("{9A19103F-16F7-4668-BE54-9A1E7A4F7556}") = "Sandbox", "sandbox\Sandbox\Sandbox.csproj", "{FDDED6C2-BCD6-46BE-8288-15BF881F897F}"
EndProject
Project("{2150E333-8FDC-42A3-9474-1A3956D46DE8}") = "final", "final", "{EE2745C5-85C4-47DE-B5A9-CD1CA481A316}"
EndProject
Project("{9A19103F-16F7-4668-BE54-9A1E7A4F7556}") = "FinalProject", "final\FinalProject\FinalProject.csproj", "{92E96545-72C3-4E64-8C9A-12DC26460CB8}"
EndProject
Project("{9A19103F-16F7-4668-BE54-9A1E7A4F7556}") = "Foundation1", "final\Foundation1\Foundation1.csproj", "{5B04142F-C3D2-4132-9490-77DB0AF6C02C}"
EndProject
Project("{9A19103F-16F7-4668-BE54-9A1E7A4F7556}") = "Foundation4", "final\Foundation4\Foundation4.csproj", "{E0799000-212F-4B7D-B3B5-55BABC711D35}"
EndProject
Project("{9A19103F-16F7-4668-BE54-9A1E7A4F7556}") = "Foundation3", "final\Foundation3\Foundation3.csproj", "{F86FEBFF-4077-4F07-9ACA-5CC03D781654}"
EndProject
Project("{9A19103F-16F7-4668-BE54-9A1E7A4F7556}") = "Foundation2", "final\Foundation2\Foundation2.csproj", "{E6A8E105-D83E-41DA-AAF4-0B7A4322EB58}"
EndProject
Project("{2150E333-8FDC-42A3-9474-1A3956D46DE8}") = "csharp-prep", "csharp-prep", "{C140075E-FC12-4D5F-ACB7-FA26B1056D10}"
EndProject
Project("{9A19103F-16F7-4668-BE54-9A1E7A4F7556}") = "Prep1", "csharp-prep\Prep1\Prep1.csproj", "{F170208B-C9C1-4EAF-840F-09AAA27B5C69}"
EndProject
Project("{9A19103F-16F7-4668-BE54-9A1E7A4F7556}") = "Prep5", "csharp-prep\Prep5\Prep5.csproj", "{526286B2-CB98-4230-AC42-56CA58796DFE}"
EndProject
Project("{9A19103F-16F7-4668-BE54-9A1E7A4F7556}") = "Prep2", "csharp-prep\Prep2\Prep2.csproj", "{2EC9C669-34C0-4CF6-81E4-CBA9A9CFA82C}"
EndProject
Project("{9A19103F-16F7-4668-BE54-9A1E7A4F7556}") = "Prep3", "csharp-prep\Prep3\Prep3.csproj", "{13B14D94-4EC4-4CC4-929A-466930845594}"
EndProject
Project("{9A19103F-16F7-4668-BE54-9A1E7A4F7556}") = "Prep4", "csharp-prep\Prep4\Prep4.csproj", "{B48519E1-1E9E-4FCB-8897-191A233A97A0}"
EndProject
Global
	GlobalSection(SolutionConfigurationPlatforms) = preSolution
		Debug|Any CPU = Debug|Any CPU
		Release|Any CPU = Release|Any CPU
	EndGlobalSection
	GlobalSection(ProjectConfigurationPlatforms) = postSolution
		{5B92AC35-2303-4083-9078-9FAECBFF6753}.Debug|Any CPU.ActiveCfg = Debug|Any CPU
		{5B92AC35-2303-4083-9078-9FAECBFF6753}.Debug|Any CPU.Build.0 = Debug|Any CPU
		{5B92AC35-2303-4083-9078-9FAECBFF6753}.Release|Any CPU.ActiveCfg = Release|Any CPU
		{5B92AC35-2303-4083-9078-9FAECBFF6753}.Release|Any CPU.Build.0 = Release|Any CPU
		{7D604C27-491A-4807-ACC5-3982B2DF17A0}.Debug|Any CPU.ActiveCfg = Debug|Any CPU
		{7D604C27-491A-4807-ACC5-3982B2DF17A0}.Debug|Any CPU.Build.0 = Debug|Any CPU
		{7D604C27-491A-4807-ACC5-3982B2DF17A0}.Release|Any CPU.ActiveCfg = Release|Any CPU
		{7D604C27-491A-4807-ACC5-3982B2DF17A0}.Release|Any CPU.Build.0 = Release|Any CPU
		{97E04D95-FC11-4006-986C-A48660D1B971}.Debug|Any CPU.ActiveCfg = Debug|Any CPU
		{97E04D95-FC11-4006-986C-A48660D1B971}.Debug|Any CPU.Build.0 = Debug|Any CPU
		{97E04D95-FC11-4006-986C-A48660D1B971}.Release|Any CPU.ActiveCfg = Release|Any CPU
		{97E04D95-FC11-4006-986C-A48660D1B971}.Release|Any CPU.Build.0 = Release|Any CPU
		{4D675C3E-6962-4012-B146-99B886EDA02B}.Debug|Any CPU.ActiveCfg = Debug|Any CPU
		{4D675C3E-6962-4012-B146-99B886EDA02B}.Debug|Any CPU.Build.0 = Debug|Any CPU
		{4D675C3E-6962-4012-B146-99B886EDA02B}.Release|Any CPU.ActiveCfg = Release|Any CPU
		{4D675C3E-6962-4012-B146-99B886EDA02B}.Release|Any CPU.Build.0 = Release|Any CPU
		{837DBC9C-605D-49FB-ABFB-77C26A07C27D}.Debug|Any CPU.ActiveCfg = Debug|Any CPU
		{837DBC9C-605D-49FB-ABFB-77C26A07C27D}.Debug|Any CPU.Build.0 = Debug|Any CPU
		{837DBC9C-605D-49FB-ABFB-77C26A07C27D}.Release|Any CPU.ActiveCfg = Release|Any CPU
		{837DBC9C-605D-49FB-ABFB-77C26A07C27D}.Release|Any CPU.Build.0 = Release|Any CPU
		{C474BF7B-76B8-4721-AD3E-84C585CEF355}.Debug|Any CPU.ActiveCfg = Debug|Any CPU
		{C474BF7B-76B8-4721-AD3E-84C585CEF355}.Debug|Any CPU.Build.0 = Debug|Any CPU
		{C474BF7B-76B8-4721-AD3E-84C585CEF355}.Release|Any CPU.ActiveCfg = Release|Any CPU
		{C474BF7B-76B8-4721-AD3E-84C585CEF355}.Release|Any CPU.Build.0 = Release|Any CPU
		{27C165E7-1DFA-47D8-AB91-2C8B91FF5E78}.Debug|Any CPU.ActiveCfg = Debug|Any CPU
		{27C165E7-1DFA-47D8-AB91-2C8B91FF5E78}.Debug|Any CPU.Build.0 = Debug|Any CPU
		{27C165E7-1DFA-47D8-AB91-2C8B91FF5E78}.Release|Any CPU.ActiveCfg = Release|Any CPU
		{27C165E7-1DFA-47D8-AB91-2C8B91FF5E78}.Release|Any CPU.Build.0 = Release|Any CPU
		{A8F7C000-5ED7-4C3E-A30E-C7A192EC4DEF}.Debug|Any CPU.ActiveCfg = Debug|Any CPU
		{A8F7C000-5ED7-4C3E-A30E-C7A192EC4DEF}.Debug|Any CPU.Build.0 = Debug|Any CPU
		{A8F7C000-5ED7-4C3E-A30E-C7A192EC4DEF}.Release|Any CPU.ActiveCfg = Release|Any CPU
		{A8F7C000-5ED7-4C3E-A30E-C7A192EC4DEF}.Release|Any CPU.Build.0 = Release|Any CPU
		{FDDED6C2-BCD6-46BE-8288-15BF881F897F}.Debug|Any CPU.ActiveCfg = Debug|Any CPU
		{FDDED6C2-BCD6-46BE-8288-15BF881F897F}.Debug|Any CPU.Build.0 = Debug|Any CPU
		{FDDED6C2-BCD6-46BE-8288-15BF881F897F}.Release|Any CPU.ActiveCfg = Release|Any CPU
		{FDDED6C2-BCD6-46BE-8288-15BF881F897F}.Release|Any CPU.Build.0 = Release|Any CPU
		{92E96545-72C3-4E64-8C9A-12DC26460CB8}.Debug|Any CPU.ActiveCfg = Debug|Any CPU
		{92E96545-72C3-4E64-8C9A-12DC26460CB8}.Debug|Any CPU.Build.0 = Debug|Any CPU
		{92E96545-72C3-4E64-8C9A-12DC26460CB8}.Release|Any CPU.ActiveCfg = Release|Any CPU
		{92E96545-72C3-4E64-8C9A-12DC26460CB8}.Release|Any CPU.Build.0 = Release|Any CPU
		{5B04142F-C3D2-4132-9490-77DB0AF6C02C}.Debug|Any CPU.ActiveCfg = Debug|Any CPU
		{5B04142F-C3D2-4132-9490-77DB0AF6C02C}.Debug|Any CPU.Build.0 = Debug|Any CPU
		{5B04142F-C3D2-4132-9490-77DB0AF6C02C}.Release|Any CPU.ActiveCfg = Release|Any CPU
		{5B04142F-C3D2-4132-9490-77DB0AF6C02C}.Release|Any CPU.Build.0 = Release|Any CPU
		{E0799000-212F-4B7D-B3B5-55BABC711D35}.Debug|Any CPU.ActiveCfg = Debug|Any CPU
		{E0799000-212F-4B7D-B3B5-55BABC711D35}.Debug|Any CPU.Build.0 = Debug|Any CPU
		{E0799000-212F-4B7D-B3B5-55BABC711D35}.Release|Any CPU.ActiveCfg = Release|Any CPU
		{E0799000-212F-4B7D-B3B5-55BABC711D35}.Release|Any CPU.Build.0 = Release|Any CPU
		{F86FEBFF-4077-4F07-9ACA-5CC03D781654}.Debug|Any CPU.ActiveCfg = Debug|Any CPU
		{F86FEBFF-4077-4F07-9ACA-5CC03D781654}.Debug|Any CPU.Build.0 = Debug|Any CPU
		{F86FEBFF-4077-4F07-9ACA-5CC03D781654}.Release|Any CPU.ActiveCfg = Release|Any CPU
		{F86FEBFF-4077-4F07-9ACA-5CC03D781654}.Release|Any CPU.Build.0 = Release|Any CPU
		{E6A8E105-D83E-41DA-AAF4-0B7A4322EB58}.Debug|Any CPU.ActiveCfg = Debug|Any CPU
		{E6A8E105-D83E-41DA-AAF4-0B7A4322EB58}.Debug|Any CPU.Build.0 = Debug|Any CPU
		{E6A8E105-D83E-41DA-AAF4-0B7A4322EB58}.Release|Any CPU.ActiveCfg = Release|Any CPU
		{E6A8E105-D83E-41DA-AAF4-0B7A4322EB58}.Release|Any CPU.Build.0 = Release|Any CPU
		{F170208B-C9C1-4EAF-840F-09AAA27B5C69}.Debug|Any CPU.ActiveCfg = Debug|Any CPU
		{F170208B-C9C1-4EAF-840F-09AAA27B5C69}.Debug|Any CPU.Build.0 = Debug|Any CPU
		{F170208B-C9C1-4EAF-840F-09AAA27B5C69}.Release|Any CPU.ActiveCfg = Release|Any CPU
		{F170208B-C9C1-4EAF-840F-09AAA27B5C69}.Release|Any CPU.Build.0 = Release|Any CPU
		{526286B2-CB98-4230-AC42-56CA58796DFE}.Debug|Any CPU.ActiveCfg = Debug|Any CPU
		{526286B2-CB98-4230-AC42-56CA58796DFE}.Debug|Any CPU.Build.0 = Debug|Any CPU
		{526286B2-CB98-4230-AC42-56CA58796DFE}.Release|Any CPU.ActiveCfg = Release|Any CPU
		{526286B2-CB98-4230-AC42-56CA58796DFE}.Release|Any CPU.Build.0 = Release|Any CPU
		{2EC9C669-34C0-4CF6-81E4-CBA9A9CFA82C}.Debug|Any CPU.ActiveCfg = Debug|Any CPU
		{2EC9C669-34C0-4CF6-81E4-CBA9A9CFA82C}.Debug|Any CPU.Build.0 = Debug|Any CPU
		{2EC9C669-34C0-4CF6-81E4-CBA9A9CFA82C}.Release|Any CPU.ActiveCfg = Release|Any CPU
		{2EC9C669-34C0-4CF6-81E4-CBA9A9CFA82C}.Release|Any CPU.Build.0 = Release|Any CPU
		{13B14D94-4EC4-4CC4-929A-466930845594}.Debug|Any CPU.ActiveCfg = Debug|Any CPU
		{13B14D94-4EC4-4CC4-929A-466930845594}.Debug|Any CPU.Build.0 = Debug|Any CPU
		{13B14D94-4EC4-4CC4-929A-466930845594}.Release|Any CPU.ActiveCfg = Release|Any CPU
		{13B14D94-4EC4-4CC4-929A-466930845594}.Release|Any CPU.Build.0 = Release|Any CPU
		{B48519E1-1E9E-4FCB-8897-191A233A97A0}.Debug|Any CPU.ActiveCfg = Debug|Any CPU
		{B48519E1-1E9E-4FCB-8897-191A233A97A0}.Debug|Any CPU.Build.0 = Debug|Any CPU
		{B48519E1-1E9E-4FCB-8897-191A233A97A0}.Release|Any CPU.ActiveCfg = Release|Any CPU
		{B48519E1-1E9E-4FCB-8897-191A233A97A0}.Release|Any CPU.Build.0 = Release|Any CPU
	EndGlobalSection
	GlobalSection(SolutionProperties) = preSolution
		HideSolutionNode = FALSE
	EndGlobalSection
	GlobalSection(NestedProjects) = preSolution
		{5B92AC35-2303-4083-9078-9FAECBFF6753} = {F3261684-74B9-4EA5-A231-0EC1018EA9EE}
		{7D604C27-491A-4807-ACC5-3982B2DF17A0} = {F3261684-74B9-4EA5-A231-0EC1018EA9EE}
		{97E04D95-FC11-4006-986C-A48660D1B971} = {F3261684-74B9-4EA5-A231-0EC1018EA9EE}
		{4D675C3E-6962-4012-B146-99B886EDA02B} = {F3261684-74B9-4EA5-A231-0EC1018EA9EE}
		{837DBC9C-605D-49FB-ABFB-77C26A07C27D} = {A48AC2D1-C672-4299-9ADE-44003602F45A}
		{C474BF7B-76B8-4721-AD3E-84C585CEF355} = {A48AC2D1-C672-4299-9ADE-44003602F45A}
		{27C165E7-1DFA-47D8-AB91-2C8B91FF5E78} = {A48AC2D1-C672-4299-9ADE-44003602F45A}
		{A8F7C000-5ED7-4C3E-A30E-C7A192EC4DEF} = {A48AC2D1-C672-4299-9ADE-44003602F45A}
		{FDDED6C2-BCD6-46BE-8288-15BF881F897F} = {A0CDAD00-4729-4502-BE65-47F123F793D1}
		{92E96545-72C3-4E64-8C9A-12DC26460CB8} = {EE2745C5-85C4-47DE-B5A9-CD1CA481A316}
		{5B04142F-C3D2-4132-9490-77DB0AF6C02C} = {EE2745C5-85C4-47DE-B5A9-CD1CA481A316}
		{E0799000-212F-4B7D-B3B5-55BABC711D35} = {EE2745C5-85C4-47DE-B5A9-CD1CA481A316}
		{F86FEBFF-4077-4F07-9ACA-5CC03D781654} = {EE2745C5-85C4-47DE-B5A9-CD1CA481A316}
		{E6A8E105-D83E-41DA-AAF4-0B7A4322EB58} = {EE2745C5-85C4-47DE-B5A9-CD1CA481A316}
		{F170208B-C9C1-4EAF-840F-09AAA27B5C69} = {C140075E-FC12-4D5F-ACB7-FA26B1056D10}
		{526286B2-CB98-4230-AC42-56CA58796DFE} = {C140075E-FC12-4D5F-ACB7-FA26B1056D10}
		{2EC9C669-34C0-4CF6-81E4-CBA9A9CFA82C} = {C140075E-FC12-4D5F-ACB7-FA26B1056D10}
		{13B14D94-4EC4-4CC4-929A-466930845594} = {C140075E-FC12-4D5F-ACB7-FA26B1056D10}
		{B48519E1-1E9E-4FCB-8897-191A233A97A0} = {C140075E-FC12-4D5F-ACB7-FA26B1056D10}
	EndGlobalSection
	GlobalSection(ExtensibilityGlobals) = postSolution
		SolutionGuid = {D9D7DD95-478C-4BD2-B7BC-BF4EFFCD4A63}
	EndGlobalSection
EndGlobal
